
Microsoft Visual Studio Solution File, Format Version 12.00
# Visual Studio Version 16
VisualStudioVersion = 16.0.29613.14
MinimumVisualStudioVersion = 10.0.40219.1
Project("{9A19103F-16F7-4668-BE54-9A1E7A4F7556}") = "EasyMongoNet.Definitions", "Definitions\EasyMongoNet.Definitions.csproj", "{5FF25045-2348-4AD3-B098-6D94233E107A}"
EndProject
Project("{9A19103F-16F7-4668-BE54-9A1E7A4F7556}") = "EasyMongoNet.Driver", "Driver\EasyMongoNet.Driver.csproj", "{5FE189B7-B3A5-4444-90A1-8AD76A3B081C}"
EndProject
Global
	GlobalSection(SolutionConfigurationPlatforms) = preSolution
		Debug|Any CPU = Debug|Any CPU
		Release|Any CPU = Release|Any CPU
	EndGlobalSection
	GlobalSection(ProjectConfigurationPlatforms) = postSolution
		{5FF25045-2348-4AD3-B098-6D94233E107A}.Debug|Any CPU.ActiveCfg = Debug|Any CPU
		{5FF25045-2348-4AD3-B098-6D94233E107A}.Debug|Any CPU.Build.0 = Debug|Any CPU
		{5FF25045-2348-4AD3-B098-6D94233E107A}.Release|Any CPU.ActiveCfg = Release|Any CPU
		{5FF25045-2348-4AD3-B098-6D94233E107A}.Release|Any CPU.Build.0 = Release|Any CPU
		{5FE189B7-B3A5-4444-90A1-8AD76A3B081C}.Debug|Any CPU.ActiveCfg = Debug|Any CPU
		{5FE189B7-B3A5-4444-90A1-8AD76A3B081C}.Debug|Any CPU.Build.0 = Debug|Any CPU
		{5FE189B7-B3A5-4444-90A1-8AD76A3B081C}.Release|Any CPU.ActiveCfg = Release|Any CPU
		{5FE189B7-B3A5-4444-90A1-8AD76A3B081C}.Release|Any CPU.Build.0 = Release|Any CPU
	EndGlobalSection
	GlobalSection(SolutionProperties) = preSolution
		HideSolutionNode = FALSE
	EndGlobalSection
	GlobalSection(ExtensibilityGlobals) = postSolution
		SolutionGuid = {18C91DAD-6E71-47DA-8266-28EA1F3AB18D}
	EndGlobalSection
EndGlobal
